PODS:
  - FinApplet (2.39.3)
  - FinAppletExt (2.39.3):
    - FinApplet (= 2.39.3)
  - Flutter (1.0.0)
  - mop (0.1.1):
    - FinApplet (= 2.39.3)
    - FinAppletExt (= 2.39.3)
    - Flutter

DEPENDENCIES:
  - Flutter (from `Flutter`)
  - mop (from `.symlinks/plugins/mop/ios`)

SPEC REPOS:
  trunk:
    - FinApplet
    - FinAppletExt

EXTERNAL SOURCES:
  Flutter:
    :path: Flutter
  mop:
    :path: ".symlinks/plugins/mop/ios"

SPEC CHECKSUMS:
  FinApplet: b5fce6f83ceb9bcc7a8b359a27610e21637cddb1
  FinAppletExt: 489fe46e951f941e9a2b132097c117ee05fd1cbd
  Flutter: 50d75fe2f02b26cc09d224853bb45737f8b3214a
  mop: 13a8ebdada9ea0c4bf08959f669d3f2a7db5ec81

PODFILE CHECKSUM: 8e679eca47255a8ca8067c4c67aab20e64cb974d

COCOAPODS: 1.11.3
