PODS:
  - FinApplet (2.0.190)
  - Flutter (1.0.0)
  - mop (0.1.0):
    - FinApplet (= 2.0.190)
    - Flutter

DEPENDENCIES:
  - Flutter (from `.symlinks/flutter/ios`)
  - mop (from `.symlinks/plugins/mop/ios`)

SPEC REPOS:
  https://github.com/CocoaPods/Specs.git:
    - FinApplet

EXTERNAL SOURCES:
  Flutter:
    :path: ".symlinks/flutter/ios"
  mop:
    :path: ".symlinks/plugins/mop/ios"

SPEC CHECKSUMS:
  FinApplet: e9ee3e4202202fe6f1945b6dec0210948932d788
  Flutter: 0e3d915762c693b495b44d77113d4970485de6ec
  mop: f431fed467eb823b21abfa654860d8d3e115118a

PODFILE CHECKSUM: b66559db98de00d11e349a06f9e603856ed75d6e

COCOAPODS: 1.9.0
