PODS:
  - FinApplet (2.35.13)
  - FinAppletExt (2.35.13):
    - FinApplet (= 2.35.13)
  - Flutter (1.0.0)
  - mop (0.1.1):
    - FinApplet (= 2.35.13)
    - FinAppletExt (= 2.35.13)
    - Flutter

DEPENDENCIES:
  - Flutter (from `Flutter`)
  - mop (from `.symlinks/plugins/mop/ios`)

SPEC REPOS:
  trunk:
    - FinApplet
    - FinAppletExt

EXTERNAL SOURCES:
  Flutter:
    :path: Flutter
  mop:
    :path: ".symlinks/plugins/mop/ios"

SPEC CHECKSUMS:
  FinApplet: 995ebc5f7a8d1f2f917652df084a67250bf37e76
  FinAppletExt: a49121f7f855cc78d7b650de2dba3450936d83ab
  Flutter: 50d75fe2f02b26cc09d224853bb45737f8b3214a
  mop: d534eed805110178433155c8793b5464950890b8

PODFILE CHECKSUM: 8e679eca47255a8ca8067c4c67aab20e64cb974d

COCOAPODS: 1.10.1
